
Microsoft Visual Studio Solution File, Format Version 12.00
# Visual Studio 15
Project("{FAE04EC0-301F-11D3-BF4B-00C04F79EFBC}") = "Assembly-CSharp", "Assembly-CSharp.csproj", "{2B8BB437-B9CE-6E2D-988F-E8FD53366023}"
EndProject
Global
	GlobalSection(SolutionConfigurationPlatforms) = preSolution
		Debug|Any CPU = Debug|Any CPU
		Release|Any CPU = Release|Any CPU
	EndGlobalSection
	GlobalSection(ProjectConfigurationPlatforms) = postSolution
		{2B8BB437-B9CE-6E2D-988F-E8FD53366023}.Debug|Any CPU.ActiveCfg = Debug|Any CPU
		{2B8BB437-B9CE-6E2D-988F-E8FD53366023}.Debug|Any CPU.Build.0 = Debug|Any CPU
		{2B8BB437-B9CE-6E2D-988F-E8FD53366023}.Release|Any CPU.ActiveCfg = Release|Any CPU
		{2B8BB437-B9CE-6E2D-988F-E8FD53366023}.Release|Any CPU.Build.0 = Release|Any CPU
	EndGlobalSection
	GlobalSection(SolutionProperties) = preSolution
		HideSolutionNode = FALSE
	EndGlobalSection
EndGlobal
